
Microsoft Visual Studio Solution File, Format Version 12.00
# Visual Studio Version 16
VisualStudioVersion = 16.0.29306.81
MinimumVisualStudioVersion = 10.0.40219.1
Project("{8BC9CEB8-8B4A-11D0-8D11-00A0C91BC942}") = "Server-UDP", "Server-UDP\Server-UDP.vcxproj", "{66E40A36-8557-4541-B53E-E676651D0F55}"
EndProject
Global
	GlobalSection(SolutionConfigurationPlatforms) = preSolution
		Debug|x64 = Debug|x64
		Debug|x86 = Debug|x86
		Release|x64 = Release|x64
		Release|x86 = Release|x86
	EndGlobalSection
	GlobalSection(ProjectConfigurationPlatforms) = postSolution
		{66E40A36-8557-4541-B53E-E676651D0F55}.Debug|x64.ActiveCfg = Debug|x64
		{66E40A36-8557-4541-B53E-E676651D0F55}.Debug|x64.Build.0 = Debug|x64
		{66E40A36-8557-4541-B53E-E676651D0F55}.Debug|x86.ActiveCfg = Debug|Win32
		{66E40A36-8557-4541-B53E-E676651D0F55}.Debug|x86.Build.0 = Debug|Win32
		{66E40A36-8557-4541-B53E-E676651D0F55}.Release|x64.ActiveCfg = Release|x64
		{66E40A36-8557-4541-B53E-E676651D0F55}.Release|x64.Build.0 = Release|x64
		{66E40A36-8557-4541-B53E-E676651D0F55}.Release|x86.ActiveCfg = Release|Win32
		{66E40A36-8557-4541-B53E-E676651D0F55}.Release|x86.Build.0 = Release|Win32
	EndGlobalSection
	GlobalSection(SolutionProperties) = preSolution
		HideSolutionNode = FALSE
	EndGlobalSection
	GlobalSection(ExtensibilityGlobals) = postSolution
		SolutionGuid = {DA99F238-21D7-4F0B-BA1A-04B84694FB0A}
	EndGlobalSection
EndGlobal
